github.com/divinerites/plausible-hugo v1.21.1 h1:ZTWwjhZ0PmLMacCVGlcGiYFEZW7VaYE767tchDskOug=
github.com/divinerites/plausible-hugo v1.21.1/go.mod h1:cxr+YB3FUwbLon8KCs4pV4Ankbkq6lJxTQUpNb5KqPo=
github.com/panr/hugo-theme-terminal/v4 v4.1.0 h1:1y9PqRTacLk1/qXGlO5KiyKQcRIIOJ20L9TGr8vw8pA=
github.com/panr/hugo-theme-terminal/v4 v4.1.0/go.mod h1:W0sFodm5ipL5gjRqOFjg4zD+euoQ8hCtyDDtqSpihxM=
